// !$*UTF8*$!
{
	archiveVersion = 1;
	classes = {
	};
	objectVersion = 55;
	objects = {

/* Begin PBXBuildFile section */
		3B634CAE27DDD81A00BB9281 /* LibraryView.swift in Sources */ = {isa = PBXBuildFile; fileRef = 3B634CAD27DDD81A00BB9281 /* LibraryView.swift */; };
		3BA23EFB27B41AB400D81F30 /* LibraryComponentView.swift in Sources */ = {isa = PBXBuildFile; fileRef = 3BA23EFA27B41AB400D81F30 /* LibraryComponentView.swift */; };
		3BB66C1127A5BB4700C4A776 /* SubjectsData.swift in Sources */ = {isa = PBXBuildFile; fileRef = 3BB66C1027A5BB4700C4A776 /* SubjectsData.swift */; };
		3BB66C1727A5BCB500C4A776 /* SignInView.swift in Sources */ = {isa = PBXBuildFile; fileRef = 3BB66C1627A5BCB500C4A776 /* SignInView.swift */; };
		3BBFD1D427C7DF8600E6ACCF /* ScheduleView.swift in Sources */ = {isa = PBXBuildFile; fileRef = 3BBFD1D327C7DF8600E6ACCF /* ScheduleView.swift */; };
		3BC72E1927E4EB8800046D68 /* World History.pdf in Resources */ = {isa = PBXBuildFile; fileRef = 3BC72E1827E4EB8800046D68 /* World History.pdf */; };
		3BC72E1B27E4ECB900046D68 /* Uzbekistan History.pdf in Resources */ = {isa = PBXBuildFile; fileRef = 3BC72E1A27E4ECB900046D68 /* Uzbekistan History.pdf */; };
		3BC72E1D27E4ED9C00046D68 /* Literature part 1.pdf in Resources */ = {isa = PBXBuildFile; fileRef = 3BC72E1C27E4ED9C00046D68 /* Literature part 1.pdf */; };
		3BC72E1F27E4EDA500046D68 /* Literature part 2.pdf in Resources */ = {isa = PBXBuildFile; fileRef = 3BC72E1E27E4EDA500046D68 /* Literature part 2.pdf */; };
		E54931DC279EE0B4008B7EF0 /* PDFReader.swift in Sources */ = {isa = PBXBuildFile; fileRef = E54931DB279EE0B4008B7EF0 /* PDFReader.swift */; };
		E54931E7279F301F008B7EF0 /* Physics.pdf in Resources */ = {isa = PBXBuildFile; fileRef = E54931E1279F301E008B7EF0 /* Physics.pdf */; };
		E54931E8279F301F008B7EF0 /* Russian.pdf in Resources */ = {isa = PBXBuildFile; fileRef = E54931E2279F301E008B7EF0 /* Russian.pdf */; };
		E54931E9279F301F008B7EF0 /* English.pdf in Resources */ = {isa = PBXBuildFile; fileRef = E54931E3279F301F008B7EF0 /* English.pdf */; };
		E54931EB279F301F008B7EF0 /* Chemistry.pdf in Resources */ = {isa = PBXBuildFile; fileRef = E54931E5279F301F008B7EF0 /* Chemistry.pdf */; };
		E54931EC279F301F008B7EF0 /* Biology.pdf in Resources */ = {isa = PBXBuildFile; fileRef = E54931E6279F301F008B7EF0 /* Biology.pdf */; };
		E54931EE279F3111008B7EF0 /* Algebra.pdf in Resources */ = {isa = PBXBuildFile; fileRef = E54931ED279F3111008B7EF0 /* Algebra.pdf */; };
		E54931F0279F3117008B7EF0 /* Geometry.pdf in Resources */ = {isa = PBXBuildFile; fileRef = E54931EF279F3117008B7EF0 /* Geometry.pdf */; };
		E5A97CB627AABC150009DA79 /* PickerView.swift in Sources */ = {isa = PBXBuildFile; fileRef = E5A97CB527AABC150009DA79 /* PickerView.swift */; };
		E5A97CB827AAC7710009DA79 /* RegistrationTextField.swift in Sources */ = {isa = PBXBuildFile; fileRef = E5A97CB727AAC7710009DA79 /* RegistrationTextField.swift */; };
		E5A97CBA27AADD4B0009DA79 /* RegistrationBackground.swift in Sources */ = {isa = PBXBuildFile; fileRef = E5A97CB927AADD4B0009DA79 /* RegistrationBackground.swift */; };
		FC3345C6278EDB710077B95C /* SubjectCardView.swift in Sources */ = {isa = PBXBuildFile; fileRef = FC3345C5278EDB710077B95C /* SubjectCardView.swift */; };
		FC3345CA278F07D70077B95C /* SubjectsModel.swift in Sources */ = {isa = PBXBuildFile; fileRef = FC3345C9278F07D70077B95C /* SubjectsModel.swift */; };
		FC3345CC27918C350077B95C /* BookPDF.swift in Sources */ = {isa = PBXBuildFile; fileRef = FC3345CB27918C350077B95C /* BookPDF.swift */; };
		FC3345CE2791A2BB0077B95C /* NavigationDetailView.swift in Sources */ = {isa = PBXBuildFile; fileRef = FC3345CD2791A2BB0077B95C /* NavigationDetailView.swift */; };
		FC524A3B278DC9F3009C93D3 /* NavigationBar.swift in Sources */ = {isa = PBXBuildFile; fileRef = FC524A3A278DC9F2009C93D3 /* NavigationBar.swift */; };
		FC524A4A278DE344009C93D3 /* Roboto-Medium.ttf in Resources */ = {isa = PBXBuildFile; fileRef = FC524A3D278DE344009C93D3 /* Roboto-Medium.ttf */; };
		FC524A4B278DE344009C93D3 /* Roboto-Light.ttf in Resources */ = {isa = PBXBuildFile; fileRef = FC524A3E278DE344009C93D3 /* Roboto-Light.ttf */; };
		FC524A4C278DE344009C93D3 /* Roboto-Regular.ttf in Resources */ = {isa = PBXBuildFile; fileRef = FC524A3F278DE344009C93D3 /* Roboto-Regular.ttf */; };
		FC524A52278DE344009C93D3 /* LICENSE.txt in Resources */ = {isa = PBXBuildFile; fileRef = FC524A45278DE344009C93D3 /* LICENSE.txt */; };
		FC524A54278DE344009C93D3 /* Roboto-Bold.ttf in Resources */ = {isa = PBXBuildFile; fileRef = FC524A47278DE344009C93D3 /* Roboto-Bold.ttf */; };
		FC524A55278DE344009C93D3 /* Roboto-Thin.ttf in Resources */ = {isa = PBXBuildFile; fileRef = FC524A48278DE344009C93D3 /* Roboto-Thin.ttf */; };
		FC524A56278DE344009C93D3 /* Roboto-Black.ttf in Resources */ = {isa = PBXBuildFile; fileRef = FC524A49278DE344009C93D3 /* Roboto-Black.ttf */; };
		FC524A6B278DE34D009C93D3 /* Poppins-ExtraLight.ttf in Resources */ = {isa = PBXBuildFile; fileRef = FC524A58278DE34D009C93D3 /* Poppins-ExtraLight.ttf */; };
		FC524A6F278DE34D009C93D3 /* Poppins-Light.ttf in Resources */ = {isa = PBXBuildFile; fileRef = FC524A5C278DE34D009C93D3 /* Poppins-Light.ttf */; };
		FC524A70278DE34D009C93D3 /* Poppins-Medium.ttf in Resources */ = {isa = PBXBuildFile; fileRef = FC524A5D278DE34D009C93D3 /* Poppins-Medium.ttf */; };
		FC524A73278DE34D009C93D3 /* Poppins-ExtraBold.ttf in Resources */ = {isa = PBXBuildFile; fileRef = FC524A60278DE34D009C93D3 /* Poppins-ExtraBold.ttf */; };
		FC524A75278DE34D009C93D3 /* OFL.txt in Resources */ = {isa = PBXBuildFile; fileRef = FC524A62278DE34D009C93D3 /* OFL.txt */; };
		FC524A76278DE34D009C93D3 /* Poppins-Regular.ttf in Resources */ = {isa = PBXBuildFile; fileRef = FC524A63278DE34D009C93D3 /* Poppins-Regular.ttf */; };
		FC524A78278DE34D009C93D3 /* Poppins-Bold.ttf in Resources */ = {isa = PBXBuildFile; fileRef = FC524A65278DE34D009C93D3 /* Poppins-Bold.ttf */; };
		FC524A79278DE34D009C93D3 /* Poppins-Black.ttf in Resources */ = {isa = PBXBuildFile; fileRef = FC524A66278DE34D009C93D3 /* Poppins-Black.ttf */; };
		FC524A7A278DE34D009C93D3 /* Poppins-Thin.ttf in Resources */ = {isa = PBXBuildFile; fileRef = FC524A67278DE34D009C93D3 /* Poppins-Thin.ttf */; };
		FC524A7B278DE34D009C93D3 /* Poppins-SemiBold.ttf in Resources */ = {isa = PBXBuildFile; fileRef = FC524A68278DE34D009C93D3 /* Poppins-SemiBold.ttf */; };
		FC524A7C278DE34D009C93D3 /* Poppins-Italic.ttf in Resources */ = {isa = PBXBuildFile; fileRef = FC524A69278DE34D009C93D3 /* Poppins-Italic.ttf */; };
		FC524A80278E16E7009C93D3 /* SearchBar.swift in Sources */ = {isa = PBXBuildFile; fileRef = FC524A7F278E16E7009C93D3 /* SearchBar.swift */; };
		FCEE41E9278CAADB00E313E1 /* EduAppApp.swift in Sources */ = {isa = PBXBuildFile; fileRef = FCEE41E8278CAADB00E313E1 /* EduAppApp.swift */; };
		FCEE41EB278CAADB00E313E1 /* ContentView.swift in Sources */ = {isa = PBXBuildFile; fileRef = FCEE41EA278CAADB00E313E1 /* ContentView.swift */; };
		FCEE41ED278CAADD00E313E1 /* Assets.xcassets in Resources */ = {isa = PBXBuildFile; fileRef = FCEE41EC278CAADD00E313E1 /* Assets.xcassets */; };
		FCEE41F0278CAADD00E313E1 /* Preview Assets.xcassets in Resources */ = {isa = PBXBuildFile; fileRef = FCEE41EF278CAADD00E313E1 /* Preview Assets.xcassets */; };
/* End PBXBuildFile section */

/* Begin PBXFileReference section */
		3B634CAD27DDD81A00BB9281 /* LibraryView.swift */ = {isa = PBXFileReference; lastKnownFileType = sourcecode.swift; path = LibraryView.swift; sourceTree = "<group>"; };
		3BA23EFA27B41AB400D81F30 /* LibraryComponentView.swift */ = {isa = PBXFileReference; lastKnownFileType = sourcecode.swift; path = LibraryComponentView.swift; sourceTree = "<group>"; };
		3BB66C1027A5BB4700C4A776 /* SubjectsData.swift */ = {isa = PBXFileReference; lastKnownFileType = sourcecode.swift; path = SubjectsData.swift; sourceTree = "<group>"; };
		3BB66C1627A5BCB500C4A776 /* SignInView.swift */ = {isa = PBXFileReference; lastKnownFileType = sourcecode.swift; path = SignInView.swift; sourceTree = "<group>"; };
		3BBFD1D327C7DF8600E6ACCF /* ScheduleView.swift */ = {isa = PBXFileReference; lastKnownFileType = sourcecode.swift; path = ScheduleView.swift; sourceTree = "<group>"; };
		3BC72E1827E4EB8800046D68 /* World History.pdf */ = {isa = PBXFileReference; lastKnownFileType = image.pdf; path = "World History.pdf"; sourceTree = "<group>"; };
		3BC72E1A27E4ECB900046D68 /* Uzbekistan History.pdf */ = {isa = PBXFileReference; lastKnownFileType = image.pdf; path = "Uzbekistan History.pdf"; sourceTree = "<group>"; };
		3BC72E1C27E4ED9C00046D68 /* Literature part 1.pdf */ = {isa = PBXFileReference; lastKnownFileType = image.pdf; path = "Literature part 1.pdf"; sourceTree = "<group>"; };
		3BC72E1E27E4EDA500046D68 /* Literature part 2.pdf */ = {isa = PBXFileReference; lastKnownFileType = image.pdf; path = "Literature part 2.pdf"; sourceTree = "<group>"; };
		E54931DB279EE0B4008B7EF0 /* PDFReader.swift */ = {isa = PBXFileReference; lastKnownFileType = sourcecode.swift; path = PDFReader.swift; sourceTree = "<group>"; };
		E54931E1279F301E008B7EF0 /* Physics.pdf */ = {isa = PBXFileReference; lastKnownFileType = image.pdf; path = Physics.pdf; sourceTree = "<group>"; };
		E54931E2279F301E008B7EF0 /* Russian.pdf */ = {isa = PBXFileReference; lastKnownFileType = image.pdf; path = Russian.pdf; sourceTree = "<group>"; };
		E54931E3279F301F008B7EF0 /* English.pdf */ = {isa = PBXFileReference; lastKnownFileType = image.pdf; path = English.pdf; sourceTree = "<group>"; };
		E54931E5279F301F008B7EF0 /* Chemistry.pdf */ = {isa = PBXFileReference; lastKnownFileType = image.pdf; path = Chemistry.pdf; sourceTree = "<group>"; };
		E54931E6279F301F008B7EF0 /* Biology.pdf */ = {isa = PBXFileReference; lastKnownFileType = image.pdf; path = Biology.pdf; sourceTree = "<group>"; };
		E54931ED279F3111008B7EF0 /* Algebra.pdf */ = {isa = PBXFileReference; lastKnownFileType = image.pdf; path = Algebra.pdf; sourceTree = "<group>"; };
		E54931EF279F3117008B7EF0 /* Geometry.pdf */ = {isa = PBXFileReference; lastKnownFileType = image.pdf; path = Geometry.pdf; sourceTree = "<group>"; };
		E5A97CB527AABC150009DA79 /* PickerView.swift */ = {isa = PBXFileReference; lastKnownFileType = sourcecode.swift; path = PickerView.swift; sourceTree = "<group>"; };
		E5A97CB727AAC7710009DA79 /* RegistrationTextField.swift */ = {isa = PBXFileReference; lastKnownFileType = sourcecode.swift; path = RegistrationTextField.swift; sourceTree = "<group>"; };
		E5A97CB927AADD4B0009DA79 /* RegistrationBackground.swift */ = {isa = PBXFileReference; lastKnownFileType = sourcecode.swift; path = RegistrationBackground.swift; sourceTree = "<group>"; };
		FC3345C5278EDB710077B95C /* SubjectCardView.swift */ = {isa = PBXFileReference; lastKnownFileType = sourcecode.swift; path = SubjectCardView.swift; sourceTree = "<group>"; };
		FC3345C9278F07D70077B95C /* SubjectsModel.swift */ = {isa = PBXFileReference; lastKnownFileType = sourcecode.swift; path = SubjectsModel.swift; sourceTree = "<group>"; };
		FC3345CB27918C350077B95C /* BookPDF.swift */ = {isa = PBXFileReference; lastKnownFileType = sourcecode.swift; path = BookPDF.swift; sourceTree = "<group>"; };
		FC3345CD2791A2BB0077B95C /* NavigationDetailView.swift */ = {isa = PBXFileReference; lastKnownFileType = sourcecode.swift; path = NavigationDetailView.swift; sourceTree = "<group>"; };
		FC524A3A278DC9F2009C93D3 /* NavigationBar.swift */ = {isa = PBXFileReference; lastKnownFileType = sourcecode.swift; path = NavigationBar.swift; sourceTree = "<group>"; };
		FC524A3D278DE344009C93D3 /* Roboto-Medium.ttf */ = {isa = PBXFileReference; lastKnownFileType = file; path = "Roboto-Medium.ttf"; sourceTree = "<group>"; };
		FC524A3E278DE344009C93D3 /* Roboto-Light.ttf */ = {isa = PBXFileReference; lastKnownFileType = file; path = "Roboto-Light.ttf"; sourceTree = "<group>"; };
		FC524A3F278DE344009C93D3 /* Roboto-Regular.ttf */ = {isa = PBXFileReference; lastKnownFileType = file; path = "Roboto-Regular.ttf"; sourceTree = "<group>"; };
		FC524A45278DE344009C93D3 /* LICENSE.txt */ = {isa = PBXFileReference; fileEncoding = 4; lastKnownFileType = text; path = LICENSE.txt; sourceTree = "<group>"; };
		FC524A47278DE344009C93D3 /* Roboto-Bold.ttf */ = {isa = PBXFileReference; lastKnownFileType = file; path = "Roboto-Bold.ttf"; sourceTree = "<group>"; };
		FC524A48278DE344009C93D3 /* Roboto-Thin.ttf */ = {isa = PBXFileReference; lastKnownFileType = file; path = "Roboto-Thin.ttf"; sourceTree = "<group>"; };
		FC524A49278DE344009C93D3 /* Roboto-Black.ttf */ = {isa = PBXFileReference; lastKnownFileType = file; path = "Roboto-Black.ttf"; sourceTree = "<group>"; };
		FC524A58278DE34D009C93D3 /* Poppins-ExtraLight.ttf */ = {isa = PBXFileReference; lastKnownFileType = file; path = "Poppins-ExtraLight.ttf"; sourceTree = "<group>"; };
		FC524A5C278DE34D009C93D3 /* Poppins-Light.ttf */ = {isa = PBXFileReference; lastKnownFileType = file; path = "Poppins-Light.ttf"; sourceTree = "<group>"; };
		FC524A5D278DE34D009C93D3 /* Poppins-Medium.ttf */ = {isa = PBXFileReference; lastKnownFileType = file; path = "Poppins-Medium.ttf"; sourceTree = "<group>"; };
		FC524A60278DE34D009C93D3 /* Poppins-ExtraBold.ttf */ = {isa = PBXFileReference; lastKnownFileType = file; path = "Poppins-ExtraBold.ttf"; sourceTree = "<group>"; };
		FC524A62278DE34D009C93D3 /* OFL.txt */ = {isa = PBXFileReference; fileEncoding = 4; lastKnownFileType = text; path = OFL.txt; sourceTree = "<group>"; };
		FC524A63278DE34D009C93D3 /* Poppins-Regular.ttf */ = {isa = PBXFileReference; lastKnownFileType = file; path = "Poppins-Regular.ttf"; sourceTree = "<group>"; };
		FC524A65278DE34D009C93D3 /* Poppins-Bold.ttf */ = {isa = PBXFileReference; lastKnownFileType = file; path = "Poppins-Bold.ttf"; sourceTree = "<group>"; };
		FC524A66278DE34D009C93D3 /* Poppins-Black.ttf */ = {isa = PBXFileReference; lastKnownFileType = file; path = "Poppins-Black.ttf"; sourceTree = "<group>"; };
		FC524A67278DE34D009C93D3 /* Poppins-Thin.ttf */ = {isa = PBXFileReference; lastKnownFileType = file; path = "Poppins-Thin.ttf"; sourceTree = "<group>"; };
		FC524A68278DE34D009C93D3 /* Poppins-SemiBold.ttf */ = {isa = PBXFileReference; lastKnownFileType = file; path = "Poppins-SemiBold.ttf"; sourceTree = "<group>"; };
		FC524A69278DE34D009C93D3 /* Poppins-Italic.ttf */ = {isa = PBXFileReference; lastKnownFileType = file; path = "Poppins-Italic.ttf"; sourceTree = "<group>"; };
		FC524A7E278E0963009C93D3 /* Info.plist */ = {isa = PBXFileReference; lastKnownFileType = text.plist; path = Info.plist; sourceTree = "<group>"; };
		FC524A7F278E16E7009C93D3 /* SearchBar.swift */ = {isa = PBXFileReference; lastKnownFileType = sourcecode.swift; path = SearchBar.swift; sourceTree = "<group>"; };
		FCEE41E5278CAADB00E313E1 /* EduApp.app */ = {isa = PBXFileReference; explicitFileType = wrapper.application; includeInIndex = 0; path = EduApp.app; sourceTree = BUILT_PRODUCTS_DIR; };
		FCEE41E8278CAADB00E313E1 /* EduAppApp.swift */ = {isa = PBXFileReference; lastKnownFileType = sourcecode.swift; path = EduAppApp.swift; sourceTree = "<group>"; };
		FCEE41EA278CAADB00E313E1 /* ContentView.swift */ = {isa = PBXFileReference; lastKnownFileType = sourcecode.swift; path = ContentView.swift; sourceTree = "<group>"; };
		FCEE41EC278CAADD00E313E1 /* Assets.xcassets */ = {isa = PBXFileReference; lastKnownFileType = folder.assetcatalog; path = Assets.xcassets; sourceTree = "<group>"; };
		FCEE41EF278CAADD00E313E1 /* Preview Assets.xcassets */ = {isa = PBXFileReference; lastKnownFileType = folder.assetcatalog; path = "Preview Assets.xcassets"; sourceTree = "<group>"; };
/* End PBXFileReference section */

/* Begin PBXFrameworksBuildPhase section */
		FCEE41E2278CAADB00E313E1 /* Frameworks */ = {
			isa = PBXFrameworksBuildPhase;
			buildActionMask = 2147483647;
			files = (
			);
			runOnlyForDeploymentPostprocessing = 0;
		};
/* End PBXFrameworksBuildPhase section */

/* Begin PBXGroup section */
		3B634CAC27DDD61000BB9281 /* Content View */ = {
			isa = PBXGroup;
			children = (
				FCEE41EA278CAADB00E313E1 /* ContentView.swift */,
				FC524A3A278DC9F2009C93D3 /* NavigationBar.swift */,
				FC524A7F278E16E7009C93D3 /* SearchBar.swift */,
				FC3345C5278EDB710077B95C /* SubjectCardView.swift */,
			);
			path = "Content View";
			sourceTree = "<group>";
		};
		3BAB879A27D49F0100FD280D /* Auth views */ = {
			isa = PBXGroup;
			children = (
				E5A97CB727AAC7710009DA79 /* RegistrationTextField.swift */,
				E5A97CB927AADD4B0009DA79 /* RegistrationBackground.swift */,
				3BB66C1627A5BCB500C4A776 /* SignInView.swift */,
			);
			path = "Auth views";
			sourceTree = "<group>";
		};
		3BB66C1227A5BBCD00C4A776 /* View Model */ = {
			isa = PBXGroup;
			children = (
				3BB66C1027A5BB4700C4A776 /* SubjectsData.swift */,
			);
			path = "View Model";
			sourceTree = "<group>";
		};
		3BB66C1327A5BBE000C4A776 /* View */ = {
			isa = PBXGroup;
			children = (
				3B634CAC27DDD61000BB9281 /* Content View */,
				3BAB879A27D49F0100FD280D /* Auth views */,
				FC3345CD2791A2BB0077B95C /* NavigationDetailView.swift */,
				3BA23EFA27B41AB400D81F30 /* LibraryComponentView.swift */,
				3B634CAD27DDD81A00BB9281 /* LibraryView.swift */,
				FC3345CB27918C350077B95C /* BookPDF.swift */,
				E54931DB279EE0B4008B7EF0 /* PDFReader.swift */,
				3BBFD1D327C7DF8600E6ACCF /* ScheduleView.swift */,
				E5A97CB527AABC150009DA79 /* PickerView.swift */,
			);
			path = View;
			sourceTree = "<group>";
		};
		3BB66C1427A5BBEE00C4A776 /* Model */ = {
			isa = PBXGroup;
			children = (
				FC3345C9278F07D70077B95C /* SubjectsModel.swift */,
			);
			path = Model;
			sourceTree = "<group>";
		};
		3BB66C1527A5BC4A00C4A776 /* Books */ = {
			isa = PBXGroup;
			children = (
				3BC72E1C27E4ED9C00046D68 /* Literature part 1.pdf */,
				3BC72E1E27E4EDA500046D68 /* Literature part 2.pdf */,
				3BC72E1827E4EB8800046D68 /* World History.pdf */,
				3BC72E1A27E4ECB900046D68 /* Uzbekistan History.pdf */,
				E54931E3279F301F008B7EF0 /* English.pdf */,
				E54931E6279F301F008B7EF0 /* Biology.pdf */,
				E54931E5279F301F008B7EF0 /* Chemistry.pdf */,
				E54931E2279F301E008B7EF0 /* Russian.pdf */,
				E54931ED279F3111008B7EF0 /* Algebra.pdf */,
				E54931EF279F3117008B7EF0 /* Geometry.pdf */,
				E54931E1279F301E008B7EF0 /* Physics.pdf */,
			);
			path = Books;
			sourceTree = "<group>";
		};
		FC524A3C278DE344009C93D3 /* Roboto */ = {
			isa = PBXGroup;
			children = (
				FC524A45278DE344009C93D3 /* LICENSE.txt */,
				FC524A3D278DE344009C93D3 /* Roboto-Medium.ttf */,
				FC524A3E278DE344009C93D3 /* Roboto-Light.ttf */,
				FC524A3F278DE344009C93D3 /* Roboto-Regular.ttf */,
				FC524A47278DE344009C93D3 /* Roboto-Bold.ttf */,
				FC524A48278DE344009C93D3 /* Roboto-Thin.ttf */,
				FC524A49278DE344009C93D3 /* Roboto-Black.ttf */,
			);
			path = Roboto;
			sourceTree = "<group>";
		};
		FC524A57278DE34D009C93D3 /* Poppins */ = {
			isa = PBXGroup;
			children = (
				FC524A62278DE34D009C93D3 /* OFL.txt */,
				FC524A58278DE34D009C93D3 /* Poppins-ExtraLight.ttf */,
				FC524A5C278DE34D009C93D3 /* Poppins-Light.ttf */,
				FC524A5D278DE34D009C93D3 /* Poppins-Medium.ttf */,
				FC524A60278DE34D009C93D3 /* Poppins-ExtraBold.ttf */,
				FC524A63278DE34D009C93D3 /* Poppins-Regular.ttf */,
				FC524A65278DE34D009C93D3 /* Poppins-Bold.ttf */,
				FC524A66278DE34D009C93D3 /* Poppins-Black.ttf */,
				FC524A67278DE34D009C93D3 /* Poppins-Thin.ttf */,
				FC524A68278DE34D009C93D3 /* Poppins-SemiBold.ttf */,
				FC524A69278DE34D009C93D3 /* Poppins-Italic.ttf */,
			);
			path = Poppins;
			sourceTree = "<group>";
		};
		FCEE41DC278CAADB00E313E1 = {
			isa = PBXGroup;
			children = (
				FCEE41E7278CAADB00E313E1 /* EduApp */,
				FCEE41E6278CAADB00E313E1 /* Products */,
			);
			sourceTree = "<group>";
		};
		FCEE41E6278CAADB00E313E1 /* Products */ = {
			isa = PBXGroup;
			children = (
				FCEE41E5278CAADB00E313E1 /* EduApp.app */,
			);
			name = Products;
			sourceTree = "<group>";
		};
		FCEE41E7278CAADB00E313E1 /* EduApp */ = {
			isa = PBXGroup;
			children = (
				3BB66C1427A5BBEE00C4A776 /* Model */,
				3BB66C1327A5BBE000C4A776 /* View */,
				3BB66C1227A5BBCD00C4A776 /* View Model */,
				3BB66C1527A5BC4A00C4A776 /* Books */,
				FC524A57278DE34D009C93D3 /* Poppins */,
				FC524A3C278DE344009C93D3 /* Roboto */,
				FCEE41E8278CAADB00E313E1 /* EduAppApp.swift */,
				FCEE41EC278CAADD00E313E1 /* Assets.xcassets */,
				FC524A7E278E0963009C93D3 /* Info.plist */,
				FCEE41EE278CAADD00E313E1 /* Preview Content */,
			);
			path = EduApp;
			sourceTree = "<group>";
		};
		FCEE41EE278CAADD00E313E1 /* Preview Content */ = {
			isa = PBXGroup;
			children = (
				FCEE41EF278CAADD00E313E1 /* Preview Assets.xcassets */,
			);
			path = "Preview Content";
			sourceTree = "<group>";
		};
/* End PBXGroup section */

/* Begin PBXNativeTarget section */
		FCEE41E4278CAADB00E313E1 /* EduApp */ = {
			isa = PBXNativeTarget;
			buildConfigurationList = FCEE41F3278CAADD00E313E1 /* Build configuration list for PBXNativeTarget "EduApp" */;
			buildPhases = (
				FCEE41E1278CAADB00E313E1 /* Sources */,
				FCEE41E2278CAADB00E313E1 /* Frameworks */,
				FCEE41E3278CAADB00E313E1 /* Resources */,
			);
			buildRules = (
			);
			dependencies = (
			);
			name = EduApp;
			productName = EduApp;
			productReference = FCEE41E5278CAADB00E313E1 /* EduApp.app */;
			productType = "com.apple.product-type.application";
		};
/* End PBXNativeTarget section */

/* Begin PBXProject section */
		FCEE41DD278CAADB00E313E1 /* Project object */ = {
			isa = PBXProject;
			attributes = {
				BuildIndependentTargetsInParallel = 1;
				LastSwiftUpdateCheck = 1320;
				LastUpgradeCheck = 1320;
				TargetAttributes = {
					FCEE41E4278CAADB00E313E1 = {
						CreatedOnToolsVersion = 13.2.1;
					};
				};
			};
			buildConfigurationList = FCEE41E0278CAADB00E313E1 /* Build configuration list for PBXProject "EduApp" */;
			compatibilityVersion = "Xcode 13.0";
			developmentRegion = en;
			hasScannedForEncodings = 0;
			knownRegions = (
				en,
				Base,
			);
			mainGroup = FCEE41DC278CAADB00E313E1;
			productRefGroup = FCEE41E6278CAADB00E313E1 /* Products */;
			projectDirPath = "";
			projectRoot = "";
			targets = (
				FCEE41E4278CAADB00E313E1 /* EduApp */,
			);
		};
/* End PBXProject section */

/* Begin PBXResourcesBuildPhase section */
		FCEE41E3278CAADB00E313E1 /* Resources */ = {
			isa = PBXResourcesBuildPhase;
			buildActionMask = 2147483647;
			files = (
				FC524A55278DE344009C93D3 /* Roboto-Thin.ttf in Resources */,
				FC524A52278DE344009C93D3 /* LICENSE.txt in Resources */,
				FC524A56278DE344009C93D3 /* Roboto-Black.ttf in Resources */,
				3BC72E1927E4EB8800046D68 /* World History.pdf in Resources */,
				FC524A76278DE34D009C93D3 /* Poppins-Regular.ttf in Resources */,
				FC524A54278DE344009C93D3 /* Roboto-Bold.ttf in Resources */,
				FC524A73278DE34D009C93D3 /* Poppins-ExtraBold.ttf in Resources */,
				FC524A6B278DE34D009C93D3 /* Poppins-ExtraLight.ttf in Resources */,
				FC524A75278DE34D009C93D3 /* OFL.txt in Resources */,
				E54931EE279F3111008B7EF0 /* Algebra.pdf in Resources */,
				E54931E9279F301F008B7EF0 /* English.pdf in Resources */,
				E54931E8279F301F008B7EF0 /* Russian.pdf in Resources */,
				FCEE41F0278CAADD00E313E1 /* Preview Assets.xcassets in Resources */,
				FC524A78278DE34D009C93D3 /* Poppins-Bold.ttf in Resources */,
				FCEE41ED278CAADD00E313E1 /* Assets.xcassets in Resources */,
				FC524A4C278DE344009C93D3 /* Roboto-Regular.ttf in Resources */,
				E54931F0279F3117008B7EF0 /* Geometry.pdf in Resources */,
				FC524A7A278DE34D009C93D3 /* Poppins-Thin.ttf in Resources */,
				FC524A6F278DE34D009C93D3 /* Poppins-Light.ttf in Resources */,
				E54931E7279F301F008B7EF0 /* Physics.pdf in Resources */,
				E54931EC279F301F008B7EF0 /* Biology.pdf in Resources */,
				FC524A7C278DE34D009C93D3 /* Poppins-Italic.ttf in Resources */,
				FC524A7B278DE34D009C93D3 /* Poppins-SemiBold.ttf in Resources */,
				FC524A70278DE34D009C93D3 /* Poppins-Medium.ttf in Resources */,
				3BC72E1D27E4ED9C00046D68 /* Literature part 1.pdf in Resources */,
				3BC72E1F27E4EDA500046D68 /* Literature part 2.pdf in Resources */,
				FC524A4B278DE344009C93D3 /* Roboto-Light.ttf in Resources */,
				3BC72E1B27E4ECB900046D68 /* Uzbekistan History.pdf in Resources */,
				FC524A79278DE34D009C93D3 /* Poppins-Black.ttf in Resources */,
				E54931EB279F301F008B7EF0 /* Chemistry.pdf in Resources */,
				FC524A4A278DE344009C93D3 /* Roboto-Medium.ttf in Resources */,
			);
			runOnlyForDeploymentPostprocessing = 0;
		};
/* End PBXResourcesBuildPhase section */

/* Begin PBXSourcesBuildPhase section */
		FCEE41E1278CAADB00E313E1 /* Sources */ = {
			isa = PBXSourcesBuildPhase;
			buildActionMask = 2147483647;
			files = (
				3BB66C1127A5BB4700C4A776 /* SubjectsData.swift in Sources */,
				FCEE41EB278CAADB00E313E1 /* ContentView.swift in Sources */,
				FC3345CE2791A2BB0077B95C /* NavigationDetailView.swift in Sources */,
				3BA23EFB27B41AB400D81F30 /* LibraryComponentView.swift in Sources */,
				FC3345CC27918C350077B95C /* BookPDF.swift in Sources */,
				FC524A80278E16E7009C93D3 /* SearchBar.swift in Sources */,
				E5A97CBA27AADD4B0009DA79 /* RegistrationBackground.swift in Sources */,
				3BBFD1D427C7DF8600E6ACCF /* ScheduleView.swift in Sources */,
				FCEE41E9278CAADB00E313E1 /* EduAppApp.swift in Sources */,
				3B634CAE27DDD81A00BB9281 /* LibraryView.swift in Sources */,
				FC524A3B278DC9F3009C93D3 /* NavigationBar.swift in Sources */,
				FC3345CA278F07D70077B95C /* SubjectsModel.swift in Sources */,
				E5A97CB827AAC7710009DA79 /* RegistrationTextField.swift in Sources */,
				E54931DC279EE0B4008B7EF0 /* PDFReader.swift in Sources */,
				3BB66C1727A5BCB500C4A776 /* SignInView.swift in Sources */,
				FC3345C6278EDB710077B95C /* SubjectCardView.swift in Sources */,
				E5A97CB627AABC150009DA79 /* PickerView.swift in Sources */,
			);
			runOnlyForDeploymentPostprocessing = 0;
		};
/* End PBXSourcesBuildPhase section */

/* Begin XCBuildConfiguration section */
		FCEE41F1278CAADD00E313E1 /* Debug */ = {
			isa = XCBuildConfiguration;
			buildSettings = {
				ALWAYS_SEARCH_USER_PATHS = NO;
				CLANG_ANALYZER_NONNULL = YES;
				CLANG_ANALYZER_NUMBER_OBJECT_CONVERSION = YES_AGGRESSIVE;
				CLANG_CXX_LANGUAGE_STANDARD = "gnu++17";
				CLANG_CXX_LIBRARY = "libc++";
				CLANG_ENABLE_MODULES = YES;
				CLANG_ENABLE_OBJC_ARC = YES;
				CLANG_ENABLE_OBJC_WEAK = YES;
				CLANG_WARN_BLOCK_CAPTURE_AUTORELEASING = YES;
				CLANG_WARN_BOOL_CONVERSION = YES;
				CLANG_WARN_COMMA = YES;
				CLANG_WARN_CONSTANT_CONVERSION = YES;
				CLANG_WARN_DEPRECATED_OBJC_IMPLEMENTATIONS = YES;
				CLANG_WARN_DIRECT_OBJC_ISA_USAGE = YES_ERROR;
				CLANG_WARN_DOCUMENTATION_COMMENTS = YES;
				CLANG_WARN_EMPTY_BODY = YES;
				CLANG_WARN_ENUM_CONVERSION = YES;
				CLANG_WARN_INFINITE_RECURSION = YES;
				CLANG_WARN_INT_CONVERSION = YES;
				CLANG_WARN_NON_LITERAL_NULL_CONVERSION = YES;
				CLANG_WARN_OBJC_IMPLICIT_RETAIN_SELF = YES;
				CLANG_WARN_OBJC_LITERAL_CONVERSION = YES;
				CLANG_WARN_OBJC_ROOT_CLASS = YES_ERROR;
				CLANG_WARN_QUOTED_INCLUDE_IN_FRAMEWORK_HEADER = YES;
				CLANG_WARN_RANGE_LOOP_ANALYSIS = YES;
				CLANG_WARN_STRICT_PROTOTYPES = YES;
				CLANG_WARN_SUSPICIOUS_MOVE = YES;
				CLANG_WARN_UNGUARDED_AVAILABILITY = YES_AGGRESSIVE;
				CLANG_WARN_UNREACHABLE_CODE = YES;
				CLANG_WARN__DUPLICATE_METHOD_MATCH = YES;
				COPY_PHASE_STRIP = NO;
				DEBUG_INFORMATION_FORMAT = dwarf;
				ENABLE_STRICT_OBJC_MSGSEND = YES;
				ENABLE_TESTABILITY = YES;
				GCC_C_LANGUAGE_STANDARD = gnu11;
				GCC_DYNAMIC_NO_PIC = NO;
				GCC_NO_COMMON_BLOCKS = YES;
				GCC_OPTIMIZATION_LEVEL = 0;
				GCC_PREPROCESSOR_DEFINITIONS = (
					"DEBUG=1",
					"$(inherited)",
				);
				GCC_WARN_64_TO_32_BIT_CONVERSION = YES;
				GCC_WARN_ABOUT_RETURN_TYPE = YES_ERROR;
				GCC_WARN_UNDECLARED_SELECTOR = YES;
				GCC_WARN_UNINITIALIZED_AUTOS = YES_AGGRESSIVE;
				GCC_WARN_UNUSED_FUNCTION = YES;
				GCC_WARN_UNUSED_VARIABLE = YES;
				IPHONEOS_DEPLOYMENT_TARGET = 15.2;
				MTL_ENABLE_DEBUG_INFO = INCLUDE_SOURCE;
				MTL_FAST_MATH = YES;
				ONLY_ACTIVE_ARCH = YES;
				SDKROOT = iphoneos;
				SWIFT_ACTIVE_COMPILATION_CONDITIONS = DEBUG;
				SWIFT_OPTIMIZATION_LEVEL = "-Onone";
			};
			name = Debug;
		};
		FCEE41F2278CAADD00E313E1 /* Release */ = {
			isa = XCBuildConfiguration;
			buildSettings = {
				ALWAYS_SEARCH_USER_PATHS = NO;
				CLANG_ANALYZER_NONNULL = YES;
				CLANG_ANALYZER_NUMBER_OBJECT_CONVERSION = YES_AGGRESSIVE;
				CLANG_CXX_LANGUAGE_STANDARD = "gnu++17";
				CLANG_CXX_LIBRARY = "libc++";
				CLANG_ENABLE_MODULES = YES;
				CLANG_ENABLE_OBJC_ARC = YES;
				CLANG_ENABLE_OBJC_WEAK = YES;
				CLANG_WARN_BLOCK_CAPTURE_AUTORELEASING = YES;
				CLANG_WARN_BOOL_CONVERSION = YES;
				CLANG_WARN_COMMA = YES;
				CLANG_WARN_CONSTANT_CONVERSION = YES;
				CLANG_WARN_DEPRECATED_OBJC_IMPLEMENTATIONS = YES;
				CLANG_WARN_DIRECT_OBJC_ISA_USAGE = YES_ERROR;
				CLANG_WARN_DOCUMENTATION_COMMENTS = YES;
				CLANG_WARN_EMPTY_BODY = YES;
				CLANG_WARN_ENUM_CONVERSION = YES;
				CLANG_WARN_INFINITE_RECURSION = YES;
				CLANG_WARN_INT_CONVERSION = YES;
				CLANG_WARN_NON_LITERAL_NULL_CONVERSION = YES;
				CLANG_WARN_OBJC_IMPLICIT_RETAIN_SELF = YES;
				CLANG_WARN_OBJC_LITERAL_CONVERSION = YES;
				CLANG_WARN_OBJC_ROOT_CLASS = YES_ERROR;
				CLANG_WARN_QUOTED_INCLUDE_IN_FRAMEWORK_HEADER = YES;
				CLANG_WARN_RANGE_LOOP_ANALYSIS = YES;
				CLANG_WARN_STRICT_PROTOTYPES = YES;
				CLANG_WARN_SUSPICIOUS_MOVE = YES;
				CLANG_WARN_UNGUARDED_AVAILABILITY = YES_AGGRESSIVE;
				CLANG_WARN_UNREACHABLE_CODE = YES;
				CLANG_WARN__DUPLICATE_METHOD_MATCH = YES;
				COPY_PHASE_STRIP = NO;
				DEBUG_INFORMATION_FORMAT = "dwarf-with-dsym";
				ENABLE_NS_ASSERTIONS = NO;
				ENABLE_STRICT_OBJC_MSGSEND = YES;
				GCC_C_LANGUAGE_STANDARD = gnu11;
				GCC_NO_COMMON_BLOCKS = YES;
				GCC_WARN_64_TO_32_BIT_CONVERSION = YES;
				GCC_WARN_ABOUT_RETURN_TYPE = YES_ERROR;
				GCC_WARN_UNDECLARED_SELECTOR = YES;
				GCC_WARN_UNINITIALIZED_AUTOS = YES_AGGRESSIVE;
				GCC_WARN_UNUSED_FUNCTION = YES;
				GCC_WARN_UNUSED_VARIABLE = YES;
				IPHONEOS_DEPLOYMENT_TARGET = 15.2;
				MTL_ENABLE_DEBUG_INFO = NO;
				MTL_FAST_MATH = YES;
				SDKROOT = iphoneos;
				SWIFT_COMPILATION_MODE = wholemodule;
				SWIFT_OPTIMIZATION_LEVEL = "-O";
				VALIDATE_PRODUCT = YES;
			};
			name = Release;
		};
		FCEE41F4278CAADD00E313E1 /* Debug */ = {
			isa = XCBuildConfiguration;
			buildSettings = {
				ASSETCATALOG_COMPILER_APPICON_NAME = AppIcon;
				ASSETCATALOG_COMPILER_GLOBAL_ACCENT_COLOR_NAME = AccentColor;
				CODE_SIGN_STYLE = Automatic;
				CURRENT_PROJECT_VERSION = 1;
				DEVELOPMENT_ASSET_PATHS = "\"EduApp/Preview Content\"";
				DEVELOPMENT_TEAM = 6J9XRFD286;
				ENABLE_PREVIEWS = YES;
				GENERATE_INFOPLIST_FILE = YES;
				INFOPLIST_FILE = EduApp/Info.plist;
				INFOPLIST_KEY_UIApplicationSceneManifest_Generation = YES;
				INFOPLIST_KEY_UIApplicationSupportsIndirectInputEvents = YES;
				INFOPLIST_KEY_UILaunchScreen_Generation = YES;
				INFOPLIST_KEY_UISupportedInterfaceOrientations_iPad = "UIInterfaceOrientationPortrait UIInterfaceOrientationPortraitUpsideDown UIInterfaceOrientationLandscapeLeft UIInterfaceOrientationLandscapeRight";
				INFOPLIST_KEY_UISupportedInterfaceOrientations_iPhone = "UIInterfaceOrientationPortrait UIInterfaceOrientationLandscapeLeft UIInterfaceOrientationLandscapeRight";
				IPHONEOS_DEPLOYMENT_TARGET = 15.2;
				LD_RUNPATH_SEARCH_PATHS = (
					"$(inherited)",
					"@executable_path/Frameworks",
				);
				MARKETING_VERSION = 1.0;
				PRODUCT_BUNDLE_IDENTIFIER = com.Alillo.EduApp;
				PRODUCT_NAME = "$(TARGET_NAME)";
				SWIFT_EMIT_LOC_STRINGS = YES;
				SWIFT_VERSION = 5.0;
				TARGETED_DEVICE_FAMILY = "1,2";
			};
			name = Debug;
		};
		FCEE41F5278CAADD00E313E1 /* Release */ = {
			isa = XCBuildConfiguration;
			buildSettings = {
				ASSETCATALOG_COMPILER_APPICON_NAME = AppIcon;
				ASSETCATALOG_COMPILER_GLOBAL_ACCENT_COLOR_NAME = AccentColor;
				CODE_SIGN_STYLE = Automatic;
				CURRENT_PROJECT_VERSION = 1;
				DEVELOPMENT_ASSET_PATHS = "\"EduApp/Preview Content\"";
				DEVELOPMENT_TEAM = 6J9XRFD286;
				ENABLE_PREVIEWS = YES;
				GENERATE_INFOPLIST_FILE = YES;
				INFOPLIST_FILE = EduApp/Info.plist;
				INFOPLIST_KEY_UIApplicationSceneManifest_Generation = YES;
				INFOPLIST_KEY_UIApplicationSupportsIndirectInputEvents = YES;
				INFOPLIST_KEY_UILaunchScreen_Generation = YES;
				INFOPLIST_KEY_UISupportedInterfaceOrientations_iPad = "UIInterfaceOrientationPortrait UIInterfaceOrientationPortraitUpsideDown UIInterfaceOrientationLandscapeLeft UIInterfaceOrientationLandscapeRight";
				INFOPLIST_KEY_UISupportedInterfaceOrientations_iPhone = "UIInterfaceOrientationPortrait UIInterfaceOrientationLandscapeLeft UIInterfaceOrientationLandscapeRight";
				IPHONEOS_DEPLOYMENT_TARGET = 15.2;
				LD_RUNPATH_SEARCH_PATHS = (
					"$(inherited)",
					"@executable_path/Frameworks",
				);
				MARKETING_VERSION = 1.0;
				PRODUCT_BUNDLE_IDENTIFIER = com.Alillo.EduApp;
				PRODUCT_NAME = "$(TARGET_NAME)";
				SWIFT_EMIT_LOC_STRINGS = YES;
				SWIFT_VERSION = 5.0;
				TARGETED_DEVICE_FAMILY = "1,2";
			};
			name = Release;
		};
/* End XCBuildConfiguration section */

/* Begin XCConfigurationList section */
		FCEE41E0278CAADB00E313E1 /* Build configuration list for PBXProject "EduApp" */ = {
			isa = XCConfigurationList;
			buildConfigurations = (
				FCEE41F1278CAADD00E313E1 /* Debug */,
				FCEE41F2278CAADD00E313E1 /* Release */,
			);
			defaultConfigurationIsVisible = 0;
			defaultConfigurationName = Release;
		};
		FCEE41F3278CAADD00E313E1 /* Build configuration list for PBXNativeTarget "EduApp" */ = {
			isa = XCConfigurationList;
			buildConfigurations = (
				FCEE41F4278CAADD00E313E1 /* Debug */,
				FCEE41F5278CAADD00E313E1 /* Release */,
			);
			defaultConfigurationIsVisible = 0;
			defaultConfigurationName = Release;
		};
/* End XCConfigurationList section */
	};
	rootObject = FCEE41DD278CAADB00E313E1 /* Project object */;
}
